
Microsoft Visual Studio Solution File, Format Version 12.00
# Visual Studio Version 16
VisualStudioVersion = 16.0.33927.289
MinimumVisualStudioVersion = 10.0.40219.1
Project("{FAE04EC0-301F-11D3-BF4B-00C04F79EFBC}") = "StockMarketSystem", "StockMarketSystem\StockMarketSystem.csproj", "{D49FD7CD-8EE3-4E8B-975D-5D2D38A461B4}"
EndProject
Project("{FAE04EC0-301F-11D3-BF4B-00C04F79EFBC}") = "DataAccess", "DataAccess\DataAccess.csproj", "{9B966E96-2D85-43AC-9B6A-55DAE35B86F0}"
EndProject
Project("{FAE04EC0-301F-11D3-BF4B-00C04F79EFBC}") = "StockMarket.Models", "StockMarket.Models\StockMarket.Models.csproj", "{641E73F8-74E9-4FEC-BC16-D4F7D5181047}"
EndProject
Global
	GlobalSection(SolutionConfigurationPlatforms) = preSolution
		Debug|Any CPU = Debug|Any CPU
		Release|Any CPU = Release|Any CPU
	EndGlobalSection
	GlobalSection(ProjectConfigurationPlatforms) = postSolution
		{D49FD7CD-8EE3-4E8B-975D-5D2D38A461B4}.Debug|Any CPU.ActiveCfg = Debug|Any CPU
		{D49FD7CD-8EE3-4E8B-975D-5D2D38A461B4}.Debug|Any CPU.Build.0 = Debug|Any CPU
		{D49FD7CD-8EE3-4E8B-975D-5D2D38A461B4}.Release|Any CPU.ActiveCfg = Release|Any CPU
		{D49FD7CD-8EE3-4E8B-975D-5D2D38A461B4}.Release|Any CPU.Build.0 = Release|Any CPU
		{9B966E96-2D85-43AC-9B6A-55DAE35B86F0}.Debug|Any CPU.ActiveCfg = Debug|Any CPU
		{9B966E96-2D85-43AC-9B6A-55DAE35B86F0}.Debug|Any CPU.Build.0 = Debug|Any CPU
		{9B966E96-2D85-43AC-9B6A-55DAE35B86F0}.Release|Any CPU.ActiveCfg = Release|Any CPU
		{9B966E96-2D85-43AC-9B6A-55DAE35B86F0}.Release|Any CPU.Build.0 = Release|Any CPU
		{641E73F8-74E9-4FEC-BC16-D4F7D5181047}.Debug|Any CPU.ActiveCfg = Debug|Any CPU
		{641E73F8-74E9-4FEC-BC16-D4F7D5181047}.Debug|Any CPU.Build.0 = Debug|Any CPU
		{641E73F8-74E9-4FEC-BC16-D4F7D5181047}.Release|Any CPU.ActiveCfg = Release|Any CPU
		{641E73F8-74E9-4FEC-BC16-D4F7D5181047}.Release|Any CPU.Build.0 = Release|Any CPU
	EndGlobalSection
	GlobalSection(SolutionProperties) = preSolution
		HideSolutionNode = FALSE
	EndGlobalSection
	GlobalSection(ExtensibilityGlobals) = postSolution
		SolutionGuid = {09ECA1B4-3CE3-44CE-8619-D21A9B13A44E}
	EndGlobalSection
EndGlobal
